# This file is automatically @generated by Cargo.
# It is not intended for manual editing.
[[package]]
name = "dungeon_crawler"
version = "0.1.0"
dependencies = [
 "md_dungeon_crawler_inventory",
]

[[package]]
name = "md_dungeon_crawler_inventory"
version = "0.1.0"
source = "registry+https://github.com/rust-lang/crates.io-index"
checksum = "2edbfec755afa340eb316be9a48db437db5260b708a8ccb6e12706a5ba379dd6"
